
Microsoft Visual Studio Solution File, Format Version 12.00
# Visual Studio Version 17
VisualStudioVersion = 17.7.34031.279
MinimumVisualStudioVersion = 10.0.40219.1
Project("{9A19103F-16F7-4668-BE54-9A1E7A4F7556}") = "SymImply", "SymImply\SymImply.csproj", "{8B787F71-D42B-40BE-8760-5E4BE5D7E217}"
EndProject
Project("{9A19103F-16F7-4668-BE54-9A1E7A4F7556}") = "SymImplyTest", "SymImplyTest\SymImplyTest.csproj", "{4CCFEED2-5128-4157-BA23-CF9D9005EEF8}"
EndProject
Project("{9A19103F-16F7-4668-BE54-9A1E7A4F7556}") = "SymImplyGUI", "SymImplyGUI\SymImplyGUI.csproj", "{38D133D2-E43A-4BA6-A945-856F043EB0C5}"
EndProject
Global
	GlobalSection(SolutionConfigurationPlatforms) = preSolution
		Debug|Any CPU = Debug|Any CPU
		Release|Any CPU = Release|Any CPU
	EndGlobalSection
	GlobalSection(ProjectConfigurationPlatforms) = postSolution
		{8B787F71-D42B-40BE-8760-5E4BE5D7E217}.Debug|Any CPU.ActiveCfg = Debug|Any CPU
		{8B787F71-D42B-40BE-8760-5E4BE5D7E217}.Debug|Any CPU.Build.0 = Debug|Any CPU
		{8B787F71-D42B-40BE-8760-5E4BE5D7E217}.Release|Any CPU.ActiveCfg = Release|Any CPU
		{8B787F71-D42B-40BE-8760-5E4BE5D7E217}.Release|Any CPU.Build.0 = Release|Any CPU
		{4CCFEED2-5128-4157-BA23-CF9D9005EEF8}.Debug|Any CPU.ActiveCfg = Debug|Any CPU
		{4CCFEED2-5128-4157-BA23-CF9D9005EEF8}.Debug|Any CPU.Build.0 = Debug|Any CPU
		{4CCFEED2-5128-4157-BA23-CF9D9005EEF8}.Release|Any CPU.ActiveCfg = Release|Any CPU
		{4CCFEED2-5128-4157-BA23-CF9D9005EEF8}.Release|Any CPU.Build.0 = Release|Any CPU
		{38D133D2-E43A-4BA6-A945-856F043EB0C5}.Debug|Any CPU.ActiveCfg = Debug|Any CPU
		{38D133D2-E43A-4BA6-A945-856F043EB0C5}.Debug|Any CPU.Build.0 = Debug|Any CPU
		{38D133D2-E43A-4BA6-A945-856F043EB0C5}.Release|Any CPU.ActiveCfg = Release|Any CPU
		{38D133D2-E43A-4BA6-A945-856F043EB0C5}.Release|Any CPU.Build.0 = Release|Any CPU
	EndGlobalSection
	GlobalSection(SolutionProperties) = preSolution
		HideSolutionNode = FALSE
	EndGlobalSection
	GlobalSection(ExtensibilityGlobals) = postSolution
		SolutionGuid = {13509376-C6FE-45E7-9CF1-6BD5B864124F}
	EndGlobalSection
EndGlobal
